
Microsoft Visual Studio Solution File, Format Version 12.00
# Visual Studio Version 16
VisualStudioVersion = 16.0.810.25
MinimumVisualStudioVersion = 10.0.40219.1
Project("{FAE04EC0-301F-11D3-BF4B-00C04F79EFBC}") = "MinhaApi", "MinhaApi\MinhaApi.csproj", "{01022ACA-D65F-46B0-BA4A-AFFA625EA9FF}"
EndProject
Global
	GlobalSection(SolutionConfigurationPlatforms) = preSolution
		Debug|Any CPU = Debug|Any CPU
		Release|Any CPU = Release|Any CPU
	EndGlobalSection
	GlobalSection(ProjectConfigurationPlatforms) = postSolution
		{01022ACA-D65F-46B0-BA4A-AFFA625EA9FF}.Debug|Any CPU.ActiveCfg = Debug|Any CPU
		{01022ACA-D65F-46B0-BA4A-AFFA625EA9FF}.Debug|Any CPU.Build.0 = Debug|Any CPU
		{01022ACA-D65F-46B0-BA4A-AFFA625EA9FF}.Release|Any CPU.ActiveCfg = Release|Any CPU
		{01022ACA-D65F-46B0-BA4A-AFFA625EA9FF}.Release|Any CPU.Build.0 = Release|Any CPU
	EndGlobalSection
	GlobalSection(SolutionProperties) = preSolution
		HideSolutionNode = FALSE
	EndGlobalSection
	GlobalSection(ExtensibilityGlobals) = postSolution
		SolutionGuid = {E9B80EBA-A3FE-41F8-B321-0A9B201D9C01}
	EndGlobalSection
EndGlobal
